{
  "version": 4,
  "terraform_version": "0.13.5",
  "serial": 6,
  "lineage": "04e41cca-e6df-64da-cde5-83f520a816c1",
  "outputs": {},
  "resources": [
    {
      "mode": "managed",
      "type": "heroku_app",
      "name": "this",
      "provider": "provider[\"registry.terraform.io/heroku/heroku\"]",
      "instances": [
        {
          "schema_version": 0,
          "attributes": {
            "acm": false,
            "all_config_vars": {},
            "buildpacks": [
              "heroku/java"
            ],
            "config_vars": {},
            "git_url": "https://git.heroku.com/my-cal-heroku.git",
            "heroku_hostname": "my-cal-heroku.herokuapp.com",
            "id": "my-cal-heroku",
            "internal_routing": false,
            "name": "my-cal-heroku",
            "organization": [],
            "region": "us",
            "sensitive_config_vars": {},
            "space": null,
            "stack": "heroku-18",
            "uuid": "ad7d50bb-f08b-4cc5-a155-df6b3a7b31ff",
            "web_url": "https://my-cal-heroku.herokuapp.com/"
          },
          "private": "bnVsbA=="
        }
      ]
    },
    {
      "mode": "managed",
      "type": "heroku_build",
      "name": "this",
      "provider": "provider[\"registry.terraform.io/heroku/heroku\"]",
      "instances": []
    }
  ]
}
